
Microsoft Visual Studio Solution File, Format Version 12.00
# Visual Studio Version 17
VisualStudioVersion = 17.10.35013.160
MinimumVisualStudioVersion = 10.0.40219.1
Project("{FAE04EC0-301F-11D3-BF4B-00C04F79EFBC}") = "task 2", "task 2.csproj", "{DAF1F491-79C7-4E8B-AB3E-4DF8114EA281}"
EndProject
Global
	GlobalSection(SolutionConfigurationPlatforms) = preSolution
		Debug|Any CPU = Debug|Any CPU
		Release|Any CPU = Release|Any CPU
	EndGlobalSection
	GlobalSection(ProjectConfigurationPlatforms) = postSolution
		{DAF1F491-79C7-4E8B-AB3E-4DF8114EA281}.Debug|Any CPU.ActiveCfg = Debug|Any CPU
		{DAF1F491-79C7-4E8B-AB3E-4DF8114EA281}.Debug|Any CPU.Build.0 = Debug|Any CPU
		{DAF1F491-79C7-4E8B-AB3E-4DF8114EA281}.Release|Any CPU.ActiveCfg = Release|Any CPU
		{DAF1F491-79C7-4E8B-AB3E-4DF8114EA281}.Release|Any CPU.Build.0 = Release|Any CPU
	EndGlobalSection
	GlobalSection(SolutionProperties) = preSolution
		HideSolutionNode = FALSE
	EndGlobalSection
	GlobalSection(ExtensibilityGlobals) = postSolution
		SolutionGuid = {15C98373-9411-45B5-9A59-99788D0DF799}
	EndGlobalSection
EndGlobal
